
Microsoft Visual Studio Solution File, Format Version 12.00
# Visual Studio Version 16
VisualStudioVersion = 16.0.29503.13
MinimumVisualStudioVersion = 10.0.40219.1
Project("{FAE04EC0-301F-11D3-BF4B-00C04F79EFBC}") = "CroweConsoleApp", "CroweConsoleApp\CroweConsoleApp.csproj", "{50DE35F3-E283-4438-8E36-FE03CFD548E7}"
EndProject
Project("{FAE04EC0-301F-11D3-BF4B-00C04F79EFBC}") = "CroweClassLibrary", "CroweClassLibrary\CroweClassLibrary.csproj", "{5C58DAB1-1259-450C-B434-8187EB75C100}"
EndProject
Project("{FAE04EC0-301F-11D3-BF4B-00C04F79EFBC}") = "CroweWebApplication", "CroweWebApplication\CroweWebApplication.csproj", "{C70293F6-D275-4AE5-B522-5CD60B03D407}"
EndProject
Global
	GlobalSection(SolutionConfigurationPlatforms) = preSolution
		Debug|Any CPU = Debug|Any CPU
		Release|Any CPU = Release|Any CPU
	EndGlobalSection
	GlobalSection(ProjectConfigurationPlatforms) = postSolution
		{50DE35F3-E283-4438-8E36-FE03CFD548E7}.Debug|Any CPU.ActiveCfg = Debug|Any CPU
		{50DE35F3-E283-4438-8E36-FE03CFD548E7}.Debug|Any CPU.Build.0 = Debug|Any CPU
		{50DE35F3-E283-4438-8E36-FE03CFD548E7}.Release|Any CPU.ActiveCfg = Release|Any CPU
		{50DE35F3-E283-4438-8E36-FE03CFD548E7}.Release|Any CPU.Build.0 = Release|Any CPU
		{5C58DAB1-1259-450C-B434-8187EB75C100}.Debug|Any CPU.ActiveCfg = Debug|Any CPU
		{5C58DAB1-1259-450C-B434-8187EB75C100}.Debug|Any CPU.Build.0 = Debug|Any CPU
		{5C58DAB1-1259-450C-B434-8187EB75C100}.Release|Any CPU.ActiveCfg = Release|Any CPU
		{5C58DAB1-1259-450C-B434-8187EB75C100}.Release|Any CPU.Build.0 = Release|Any CPU
		{C70293F6-D275-4AE5-B522-5CD60B03D407}.Debug|Any CPU.ActiveCfg = Debug|Any CPU
		{C70293F6-D275-4AE5-B522-5CD60B03D407}.Debug|Any CPU.Build.0 = Debug|Any CPU
		{C70293F6-D275-4AE5-B522-5CD60B03D407}.Release|Any CPU.ActiveCfg = Release|Any CPU
		{C70293F6-D275-4AE5-B522-5CD60B03D407}.Release|Any CPU.Build.0 = Release|Any CPU
	EndGlobalSection
	GlobalSection(SolutionProperties) = preSolution
		HideSolutionNode = FALSE
	EndGlobalSection
	GlobalSection(ExtensibilityGlobals) = postSolution
		SolutionGuid = {D9CC563B-82DE-41D5-B031-7A0CF10E94C7}
	EndGlobalSection
EndGlobal
